// !$*UTF8*$!
{
	archiveVersion = 1;
	classes = {
	};
	objectVersion = 46;
	objects = {

/* Begin PBXBuildFile section */
		1804962A1CCE504C00377094 /* SQLTable.swift in Sources */ = {isa = PBXBuildFile; fileRef = 180496291CCE504C00377094 /* SQLTable.swift */; };
		1804962C1CCE505400377094 /* String-Extras.swift in Sources */ = {isa = PBXBuildFile; fileRef = 1804962B1CCE505400377094 /* String-Extras.swift */; };
		1804962E1CCE505B00377094 /* SQLTable.swift in Sources */ = {isa = PBXBuildFile; fileRef = 1804962D1CCE505B00377094 /* SQLTable.swift */; };
		1882C5B21CCE427800F9A993 /* AppDelegate.swift in Sources */ = {isa = PBXBuildFile; fileRef = 1882C5B11CCE427800F9A993 /* AppDelegate.swift */; };
		1882C5B41CCE427800F9A993 /* ViewController.swift in Sources */ = {isa = PBXBuildFile; fileRef = 1882C5B31CCE427800F9A993 /* ViewController.swift */; };
		1882C5B71CCE427800F9A993 /* Main.storyboard in Resources */ = {isa = PBXBuildFile; fileRef = 1882C5B51CCE427800F9A993 /* Main.storyboard */; };
		1882C5B91CCE427800F9A993 /* Assets.xcassets in Resources */ = {isa = PBXBuildFile; fileRef = 1882C5B81CCE427800F9A993 /* Assets.xcassets */; };
		1882C5BC1CCE427800F9A993 /* LaunchScreen.storyboard in Resources */ = {isa = PBXBuildFile; fileRef = 1882C5BA1CCE427800F9A993 /* LaunchScreen.storyboard */; };
		1882C5C71CCE427800F9A993 /* sqlTests.swift in Sources */ = {isa = PBXBuildFile; fileRef = 1882C5C61CCE427800F9A993 /* sqlTests.swift */; };
		1882C5D21CCE427800F9A993 /* sqlUITests.swift in Sources */ = {isa = PBXBuildFile; fileRef = 1882C5D11CCE427800F9A993 /* sqlUITests.swift */; };
		1882C5E01CCE42EB00F9A993 /* libsqlite3.0.tbd in Frameworks */ = {isa = PBXBuildFile; fileRef = 1882C5DF1CCE42EB00F9A993 /* libsqlite3.0.tbd */; };
/* End PBXBuildFile section */

/* Begin PBXContainerItemProxy section */
		1882C5C31CCE427800F9A993 /* PBXContainerItemProxy */ = {
			isa = PBXContainerItemProxy;
			containerPortal = 1882C5A61CCE427800F9A993 /* Project object */;
			proxyType = 1;
			remoteGlobalIDString = 1882C5AD1CCE427800F9A993;
			remoteInfo = sql;
		};
		1882C5CE1CCE427800F9A993 /* PBXContainerItemProxy */ = {
			isa = PBXContainerItemProxy;
			containerPortal = 1882C5A61CCE427800F9A993 /* Project object */;
			proxyType = 1;
			remoteGlobalIDString = 1882C5AD1CCE427800F9A993;
			remoteInfo = sql;
		};
/* End PBXContainerItemProxy section */

/* Begin PBXFileReference section */
		180496291CCE504C00377094 /* SQLTable.swift */ = {isa = PBXFileReference; fileEncoding = 4; lastKnownFileType = sourcecode.swift; name = SQLTable.swift; path = /Users/a5835/Desktop/hangge_645/hangge_645/../../../Downloads/hangge_645/SQLiteDB/SQLTable.swift; sourceTree = "<absolute>"; };
		1804962B1CCE505400377094 /* String-Extras.swift */ = {isa = PBXFileReference; fileEncoding = 4; lastKnownFileType = sourcecode.swift; name = "String-Extras.swift"; path = "../../../../../Downloads/hangge_645/SQLiteDB/String-Extras.swift"; sourceTree = "<group>"; };
		1804962D1CCE505B00377094 /* SQLTable.swift */ = {isa = PBXFileReference; fileEncoding = 4; lastKnownFileType = sourcecode.swift; name = SQLTable.swift; path = ../../../../../Downloads/hangge_645/SQLiteDB/SQLTable.swift; sourceTree = "<group>"; };
		1804962F1CCE50E800377094 /* bir.h */ = {isa = PBXFileReference; lastKnownFileType = sourcecode.c.h; path = bir.h; sourceTree = "<group>"; };
		18130ED31CCE4CBC006A6258 /* data.db */ = {isa = PBXFileReference; lastKnownFileType = file; path = data.db; sourceTree = "<group>"; };
		1882C5AE1CCE427800F9A993 /* sql.app */ = {isa = PBXFileReference; explicitFileType = wrapper.application; includeInIndex = 0; path = sql.app; sourceTree = BUILT_PRODUCTS_DIR; };
		1882C5B11CCE427800F9A993 /* AppDelegate.swift */ = {isa = PBXFileReference; lastKnownFileType = sourcecode.swift; path = AppDelegate.swift; sourceTree = "<group>"; };
		1882C5B31CCE427800F9A993 /* ViewController.swift */ = {isa = PBXFileReference; lastKnownFileType = sourcecode.swift; path = ViewController.swift; sourceTree = "<group>"; };
		1882C5B61CCE427800F9A993 /* Base */ = {isa = PBXFileReference; lastKnownFileType = file.storyboard; name = Base; path = Base.lproj/Main.storyboard; sourceTree = "<group>"; };
		1882C5B81CCE427800F9A993 /* Assets.xcassets */ = {isa = PBXFileReference; lastKnownFileType = folder.assetcatalog; path = Assets.xcassets; sourceTree = "<group>"; };
		1882C5BB1CCE427800F9A993 /* Base */ = {isa = PBXFileReference; lastKnownFileType = file.storyboard; name = Base; path = Base.lproj/LaunchScreen.storyboard; sourceTree = "<group>"; };
		1882C5BD1CCE427800F9A993 /* Info.plist */ = {isa = PBXFileReference; lastKnownFileType = text.plist.xml; path = Info.plist; sourceTree = "<group>"; };
		1882C5C21CCE427800F9A993 /* sqlTests.xctest */ = {isa = PBXFileReference; explicitFileType = wrapper.cfbundle; includeInIndex = 0; path = sqlTests.xctest; sourceTree = BUILT_PRODUCTS_DIR; };
		1882C5C61CCE427800F9A993 /* sqlTests.swift */ = {isa = PBXFileReference; lastKnownFileType = sourcecode.swift; path = sqlTests.swift; sourceTree = "<group>"; };
		1882C5C81CCE427800F9A993 /* Info.plist */ = {isa = PBXFileReference; lastKnownFileType = text.plist.xml; path = Info.plist; sourceTree = "<group>"; };
		1882C5CD1CCE427800F9A993 /* sqlUITests.xctest */ = {isa = PBXFileReference; explicitFileType = wrapper.cfbundle; includeInIndex = 0; path = sqlUITests.xctest; sourceTree = BUILT_PRODUCTS_DIR; };
		1882C5D11CCE427800F9A993 /* sqlUITests.swift */ = {isa = PBXFileReference; lastKnownFileType = sourcecode.swift; path = sqlUITests.swift; sourceTree = "<group>"; };
		1882C5D31CCE427800F9A993 /* Info.plist */ = {isa = PBXFileReference; lastKnownFileType = text.plist.xml; path = Info.plist; sourceTree = "<group>"; };
		1882C5DF1CCE42EB00F9A993 /* libsqlite3.0.tbd */ = {isa = PBXFileReference; lastKnownFileType = "sourcecode.text-based-dylib-definition"; name = libsqlite3.0.tbd; path = usr/lib/libsqlite3.0.tbd; sourceTree = SDKROOT; };
/* End PBXFileReference section */

/* Begin PBXFrameworksBuildPhase section */
		1882C5AB1CCE427800F9A993 /* Frameworks */ = {
			isa = PBXFrameworksBuildPhase;
			buildActionMask = 2147483647;
			files = (
				1882C5E01CCE42EB00F9A993 /* libsqlite3.0.tbd in Frameworks */,
			);
			runOnlyForDeploymentPostprocessing = 0;
		};
		1882C5BF1CCE427800F9A993 /* Frameworks */ = {
			isa = PBXFrameworksBuildPhase;
			buildActionMask = 2147483647;
			files = (
			);
			runOnlyForDeploymentPostprocessing = 0;
		};
		1882C5CA1CCE427800F9A993 /* Frameworks */ = {
			isa = PBXFrameworksBuildPhase;
			buildActionMask = 2147483647;
			files = (
			);
			runOnlyForDeploymentPostprocessing = 0;
		};
/* End PBXFrameworksBuildPhase section */

/* Begin PBXGroup section */
		1882C5A51CCE427800F9A993 = {
			isa = PBXGroup;
			children = (
				18130ED31CCE4CBC006A6258 /* data.db */,
				1882C5DF1CCE42EB00F9A993 /* libsqlite3.0.tbd */,
				1882C5B01CCE427800F9A993 /* sql */,
				1882C5C51CCE427800F9A993 /* sqlTests */,
				1882C5D01CCE427800F9A993 /* sqlUITests */,
				1882C5AF1CCE427800F9A993 /* Products */,
			);
			sourceTree = "<group>";
		};
		1882C5AF1CCE427800F9A993 /* Products */ = {
			isa = PBXGroup;
			children = (
				1882C5AE1CCE427800F9A993 /* sql.app */,
				1882C5C21CCE427800F9A993 /* sqlTests.xctest */,
				1882C5CD1CCE427800F9A993 /* sqlUITests.xctest */,
			);
			name = Products;
			sourceTree = "<group>";
		};
		1882C5B01CCE427800F9A993 /* sql */ = {
			isa = PBXGroup;
			children = (
				1804962F1CCE50E800377094 /* bir.h */,
				180496291CCE504C00377094 /* SQLTable.swift */,
				1882C5B11CCE427800F9A993 /* AppDelegate.swift */,
				1804962D1CCE505B00377094 /* SQLTable.swift */,
				1804962B1CCE505400377094 /* String-Extras.swift */,
				1882C5B31CCE427800F9A993 /* ViewController.swift */,
				1882C5B51CCE427800F9A993 /* Main.storyboard */,
				1882C5B81CCE427800F9A993 /* Assets.xcassets */,
				1882C5BA1CCE427800F9A993 /* LaunchScreen.storyboard */,
				1882C5BD1CCE427800F9A993 /* Info.plist */,
			);
			path = sql;
			sourceTree = "<group>";
		};
		1882C5C51CCE427800F9A993 /* sqlTests */ = {
			isa = PBXGroup;
			children = (
				1882C5C61CCE427800F9A993 /* sqlTests.swift */,
				1882C5C81CCE427800F9A993 /* Info.plist */,
			);
			path = sqlTests;
			sourceTree = "<group>";
		};
		1882C5D01CCE427800F9A993 /* sqlUITests */ = {
			isa = PBXGroup;
			children = (
				1882C5D11CCE427800F9A993 /* sqlUITests.swift */,
				1882C5D31CCE427800F9A993 /* Info.plist */,
			);
			path = sqlUITests;
			sourceTree = "<group>";
		};
/* End PBXGroup section */

/* Begin PBXNativeTarget section */
		1882C5AD1CCE427800F9A993 /* sql */ = {
			isa = PBXNativeTarget;
			buildConfigurationList = 1882C5D61CCE427800F9A993 /* Build configuration list for PBXNativeTarget "sql" */;
			buildPhases = (
				1882C5AA1CCE427800F9A993 /* Sources */,
				1882C5AB1CCE427800F9A993 /* Frameworks */,
				1882C5AC1CCE427800F9A993 /* Resources */,
			);
			buildRules = (
			);
			dependencies = (
			);
			name = sql;
			productName = sql;
			productReference = 1882C5AE1CCE427800F9A993 /* sql.app */;
			productType = "com.apple.product-type.application";
		};
		1882C5C11CCE427800F9A993 /* sqlTests */ = {
			isa = PBXNativeTarget;
			buildConfigurationList = 1882C5D91CCE427800F9A993 /* Build configuration list for PBXNativeTarget "sqlTests" */;
			buildPhases = (
				1882C5BE1CCE427800F9A993 /* Sources */,
				1882C5BF1CCE427800F9A993 /* Frameworks */,
				1882C5C01CCE427800F9A993 /* Resources */,
			);
			buildRules = (
			);
			dependencies = (
				1882C5C41CCE427800F9A993 /* PBXTargetDependency */,
			);
			name = sqlTests;
			productName = sqlTests;
			productReference = 1882C5C21CCE427800F9A993 /* sqlTests.xctest */;
			productType = "com.apple.product-type.bundle.unit-test";
		};
		1882C5CC1CCE427800F9A993 /* sqlUITests */ = {
			isa = PBXNativeTarget;
			buildConfigurationList = 1882C5DC1CCE427800F9A993 /* Build configuration list for PBXNativeTarget "sqlUITests" */;
			buildPhases = (
				1882C5C91CCE427800F9A993 /* Sources */,
				1882C5CA1CCE427800F9A993 /* Frameworks */,
				1882C5CB1CCE427800F9A993 /* Resources */,
			);
			buildRules = (
			);
			dependencies = (
				1882C5CF1CCE427800F9A993 /* PBXTargetDependency */,
			);
			name = sqlUITests;
			productName = sqlUITests;
			productReference = 1882C5CD1CCE427800F9A993 /* sqlUITests.xctest */;
			productType = "com.apple.product-type.bundle.ui-testing";
		};
/* End PBXNativeTarget section */

/* Begin PBXProject section */
		1882C5A61CCE427800F9A993 /* Project object */ = {
			isa = PBXProject;
			attributes = {
				LastSwiftUpdateCheck = 0720;
				LastUpgradeCheck = 0720;
				ORGANIZATIONNAME = 5835;
				TargetAttributes = {
					1882C5AD1CCE427800F9A993 = {
						CreatedOnToolsVersion = 7.2;
					};
					1882C5C11CCE427800F9A993 = {
						CreatedOnToolsVersion = 7.2;
						TestTargetID = 1882C5AD1CCE427800F9A993;
					};
					1882C5CC1CCE427800F9A993 = {
						CreatedOnToolsVersion = 7.2;
						TestTargetID = 1882C5AD1CCE427800F9A993;
					};
				};
			};
			buildConfigurationList = 1882C5A91CCE427800F9A993 /* Build configuration list for PBXProject "sql" */;
			compatibilityVersion = "Xcode 3.2";
			developmentRegion = English;
			hasScannedForEncodings = 0;
			knownRegions = (
				en,
				Base,
			);
			mainGroup = 1882C5A51CCE427800F9A993;
			productRefGroup = 1882C5AF1CCE427800F9A993 /* Products */;
			projectDirPath = "";
			projectRoot = "";
			targets = (
				1882C5AD1CCE427800F9A993 /* sql */,
				1882C5C11CCE427800F9A993 /* sqlTests */,
				1882C5CC1CCE427800F9A993 /* sqlUITests */,
			);
		};
/* End PBXProject section */

/* Begin PBXResourcesBuildPhase section */
		1882C5AC1CCE427800F9A993 /* Resources */ = {
			isa = PBXResourcesBuildPhase;
			buildActionMask = 2147483647;
			files = (
				1882C5BC1CCE427800F9A993 /* LaunchScreen.storyboard in Resources */,
				1882C5B91CCE427800F9A993 /* Assets.xcassets in Resources */,
				1882C5B71CCE427800F9A993 /* Main.storyboard in Resources */,
			);
			runOnlyForDeploymentPostprocessing = 0;
		};
		1882C5C01CCE427800F9A993 /* Resources */ = {
			isa = PBXResourcesBuildPhase;
			buildActionMask = 2147483647;
			files = (
			);
			runOnlyForDeploymentPostprocessing = 0;
		};
		1882C5CB1CCE427800F9A993 /* Resources */ = {
			isa = PBXResourcesBuildPhase;
			buildActionMask = 2147483647;
			files = (
			);
			runOnlyForDeploymentPostprocessing = 0;
		};
/* End PBXResourcesBuildPhase section */

/* Begin PBXSourcesBuildPhase section */
		1882C5AA1CCE427800F9A993 /* Sources */ = {
			isa = PBXSourcesBuildPhase;
			buildActionMask = 2147483647;
			files = (
				1882C5B41CCE427800F9A993 /* ViewController.swift in Sources */,
				1804962C1CCE505400377094 /* String-Extras.swift in Sources */,
				1882C5B21CCE427800F9A993 /* AppDelegate.swift in Sources */,
				1804962A1CCE504C00377094 /* SQLTable.swift in Sources */,
				1804962E1CCE505B00377094 /* SQLTable.swift in Sources */,
			);
			runOnlyForDeploymentPostprocessing = 0;
		};
		1882C5BE1CCE427800F9A993 /* Sources */ = {
			isa = PBXSourcesBuildPhase;
			buildActionMask = 2147483647;
			files = (
				1882C5C71CCE427800F9A993 /* sqlTests.swift in Sources */,
			);
			runOnlyForDeploymentPostprocessing = 0;
		};
		1882C5C91CCE427800F9A993 /* Sources */ = {
			isa = PBXSourcesBuildPhase;
			buildActionMask = 2147483647;
			files = (
				1882C5D21CCE427800F9A993 /* sqlUITests.swift in Sources */,
			);
			runOnlyForDeploymentPostprocessing = 0;
		};
/* End PBXSourcesBuildPhase section */

/* Begin PBXTargetDependency section */
		1882C5C41CCE427800F9A993 /* PBXTargetDependency */ = {
			isa = PBXTargetDependency;
			target = 1882C5AD1CCE427800F9A993 /* sql */;
			targetProxy = 1882C5C31CCE427800F9A993 /* PBXContainerItemProxy */;
		};
		1882C5CF1CCE427800F9A993 /* PBXTargetDependency */ = {
			isa = PBXTargetDependency;
			target = 1882C5AD1CCE427800F9A993 /* sql */;
			targetProxy = 1882C5CE1CCE427800F9A993 /* PBXContainerItemProxy */;
		};
/* End PBXTargetDependency section */

/* Begin PBXVariantGroup section */
		1882C5B51CCE427800F9A993 /* Main.storyboard */ = {
			isa = PBXVariantGroup;
			children = (
				1882C5B61CCE427800F9A993 /* Base */,
			);
			name = Main.storyboard;
			sourceTree = "<group>";
		};
		1882C5BA1CCE427800F9A993 /* LaunchScreen.storyboard */ = {
			isa = PBXVariantGroup;
			children = (
				1882C5BB1CCE427800F9A993 /* Base */,
			);
			name = LaunchScreen.storyboard;
			sourceTree = "<group>";
		};
/* End PBXVariantGroup section */

/* Begin XCBuildConfiguration section */
		1882C5D41CCE427800F9A993 /* Debug */ = {
			isa = XCBuildConfiguration;
			buildSettings = {
				ALWAYS_SEARCH_USER_PATHS = NO;
				CLANG_CXX_LANGUAGE_STANDARD = "gnu++0x";
				CLANG_CXX_LIBRARY = "libc++";
				CLANG_ENABLE_MODULES = YES;
				CLANG_ENABLE_OBJC_ARC = YES;
				CLANG_WARN_BOOL_CONVERSION = YES;
				CLANG_WARN_CONSTANT_CONVERSION = YES;
				CLANG_WARN_DIRECT_OBJC_ISA_USAGE = YES_ERROR;
				CLANG_WARN_EMPTY_BODY = YES;
				CLANG_WARN_ENUM_CONVERSION = YES;
				CLANG_WARN_INT_CONVERSION = YES;
				CLANG_WARN_OBJC_ROOT_CLASS = YES_ERROR;
				CLANG_WARN_UNREACHABLE_CODE = YES;
				CLANG_WARN__DUPLICATE_METHOD_MATCH = YES;
				"CODE_SIGN_IDENTITY[sdk=iphoneos*]" = "iPhone Developer";
				COPY_PHASE_STRIP = NO;
				DEBUG_INFORMATION_FORMAT = dwarf;
				ENABLE_STRICT_OBJC_MSGSEND = YES;
				ENABLE_TESTABILITY = YES;
				GCC_C_LANGUAGE_STANDARD = gnu99;
				GCC_DYNAMIC_NO_PIC = NO;
				GCC_NO_COMMON_BLOCKS = YES;
				GCC_OPTIMIZATION_LEVEL = 0;
				GCC_PREPROCESSOR_DEFINITIONS = (
					"DEBUG=1",
					"$(inherited)",
				);
				GCC_WARN_64_TO_32_BIT_CONVERSION = YES;
				GCC_WARN_ABOUT_RETURN_TYPE = YES_ERROR;
				GCC_WARN_UNDECLARED_SELECTOR = YES;
				GCC_WARN_UNINITIALIZED_AUTOS = YES_AGGRESSIVE;
				GCC_WARN_UNUSED_FUNCTION = YES;
				GCC_WARN_UNUSED_VARIABLE = YES;
				IPHONEOS_DEPLOYMENT_TARGET = 9.2;
				MTL_ENABLE_DEBUG_INFO = YES;
				ONLY_ACTIVE_ARCH = YES;
				SDKROOT = iphoneos;
				SWIFT_OPTIMIZATION_LEVEL = "-Onone";
				TARGETED_DEVICE_FAMILY = "1,2";
			};
			name = Debug;
		};
		1882C5D51CCE427800F9A993 /* Release */ = {
			isa = XCBuildConfiguration;
			buildSettings = {
				ALWAYS_SEARCH_USER_PATHS = NO;
				CLANG_CXX_LANGUAGE_STANDARD = "gnu++0x";
				CLANG_CXX_LIBRARY = "libc++";
				CLANG_ENABLE_MODULES = YES;
				CLANG_ENABLE_OBJC_ARC = YES;
				CLANG_WARN_BOOL_CONVERSION = YES;
				CLANG_WARN_CONSTANT_CONVERSION = YES;
				CLANG_WARN_DIRECT_OBJC_ISA_USAGE = YES_ERROR;
				CLANG_WARN_EMPTY_BODY = YES;
				CLANG_WARN_ENUM_CONVERSION = YES;
				CLANG_WARN_INT_CONVERSION = YES;
				CLANG_WARN_OBJC_ROOT_CLASS = YES_ERROR;
				CLANG_WARN_UNREACHABLE_CODE = YES;
				CLANG_WARN__DUPLICATE_METHOD_MATCH = YES;
				"CODE_SIGN_IDENTITY[sdk=iphoneos*]" = "iPhone Developer";
				COPY_PHASE_STRIP = NO;
				DEBUG_INFORMATION_FORMAT = "dwarf-with-dsym";
				ENABLE_NS_ASSERTIONS = NO;
				ENABLE_STRICT_OBJC_MSGSEND = YES;
				GCC_C_LANGUAGE_STANDARD = gnu99;
				GCC_NO_COMMON_BLOCKS = YES;
				GCC_WARN_64_TO_32_BIT_CONVERSION = YES;
				GCC_WARN_ABOUT_RETURN_TYPE = YES_ERROR;
				GCC_WARN_UNDECLARED_SELECTOR = YES;
				GCC_WARN_UNINITIALIZED_AUTOS = YES_AGGRESSIVE;
				GCC_WARN_UNUSED_FUNCTION = YES;
				GCC_WARN_UNUSED_VARIABLE = YES;
				IPHONEOS_DEPLOYMENT_TARGET = 9.2;
				MTL_ENABLE_DEBUG_INFO = NO;
				SDKROOT = iphoneos;
				TARGETED_DEVICE_FAMILY = "1,2";
				VALIDATE_PRODUCT = YES;
			};
			name = Release;
		};
		1882C5D71CCE427800F9A993 /* Debug */ = {
			isa = XCBuildConfiguration;
			buildSettings = {
				ASSETCATALOG_COMPILER_APPICON_NAME = AppIcon;
				INFOPLIST_FILE = sql/Info.plist;
				LD_RUNPATH_SEARCH_PATHS = "$(inherited) @executable_path/Frameworks";
				PRODUCT_BUNDLE_IDENTIFIER = admin.com.sql;
				PRODUCT_NAME = "$(TARGET_NAME)";
				SWIFT_OBJC_BRIDGING_HEADER = sql/bir.h;
				SWIFT_OBJC_INTERFACE_HEADER_NAME = "sql-Swift.h";
			};
			name = Debug;
		};
		1882C5D81CCE427800F9A993 /* Release */ = {
			isa = XCBuildConfiguration;
			buildSettings = {
				ASSETCATALOG_COMPILER_APPICON_NAME = AppIcon;
				INFOPLIST_FILE = sql/Info.plist;
				LD_RUNPATH_SEARCH_PATHS = "$(inherited) @executable_path/Frameworks";
				PRODUCT_BUNDLE_IDENTIFIER = admin.com.sql;
				PRODUCT_NAME = "$(TARGET_NAME)";
				SWIFT_OBJC_BRIDGING_HEADER = sql/bir.h;
				SWIFT_OBJC_INTERFACE_HEADER_NAME = "sql-Swift.h";
			};
			name = Release;
		};
		1882C5DA1CCE427800F9A993 /* Debug */ = {
			isa = XCBuildConfiguration;
			buildSettings = {
				BUNDLE_LOADER = "$(TEST_HOST)";
				INFOPLIST_FILE = sqlTests/Info.plist;
				LD_RUNPATH_SEARCH_PATHS = "$(inherited) @executable_path/Frameworks @loader_path/Frameworks";
				PRODUCT_BUNDLE_IDENTIFIER = admin.com.sqlTests;
				PRODUCT_NAME = "$(TARGET_NAME)";
				TEST_HOST = "$(BUILT_PRODUCTS_DIR)/sql.app/sql";
			};
			name = Debug;
		};
		1882C5DB1CCE427800F9A993 /* Release */ = {
			isa = XCBuildConfiguration;
			buildSettings = {
				BUNDLE_LOADER = "$(TEST_HOST)";
				INFOPLIST_FILE = sqlTests/Info.plist;
				LD_RUNPATH_SEARCH_PATHS = "$(inherited) @executable_path/Frameworks @loader_path/Frameworks";
				PRODUCT_BUNDLE_IDENTIFIER = admin.com.sqlTests;
				PRODUCT_NAME = "$(TARGET_NAME)";
				TEST_HOST = "$(BUILT_PRODUCTS_DIR)/sql.app/sql";
			};
			name = Release;
		};
		1882C5DD1CCE427800F9A993 /* Debug */ = {
			isa = XCBuildConfiguration;
			buildSettings = {
				INFOPLIST_FILE = sqlUITests/Info.plist;
				LD_RUNPATH_SEARCH_PATHS = "$(inherited) @executable_path/Frameworks @loader_path/Frameworks";
				PRODUCT_BUNDLE_IDENTIFIER = admin.com.sqlUITests;
				PRODUCT_NAME = "$(TARGET_NAME)";
				TEST_TARGET_NAME = sql;
				USES_XCTRUNNER = YES;
			};
			name = Debug;
		};
		1882C5DE1CCE427800F9A993 /* Release */ = {
			isa = XCBuildConfiguration;
			buildSettings = {
				INFOPLIST_FILE = sqlUITests/Info.plist;
				LD_RUNPATH_SEARCH_PATHS = "$(inherited) @executable_path/Frameworks @loader_path/Frameworks";
				PRODUCT_BUNDLE_IDENTIFIER = admin.com.sqlUITests;
				PRODUCT_NAME = "$(TARGET_NAME)";
				TEST_TARGET_NAME = sql;
				USES_XCTRUNNER = YES;
			};
			name = Release;
		};
/* End XCBuildConfiguration section */

/* Begin XCConfigurationList section */
		1882C5A91CCE427800F9A993 /* Build configuration list for PBXProject "sql" */ = {
			isa = XCConfigurationList;
			buildConfigurations = (
				1882C5D41CCE427800F9A993 /* Debug */,
				1882C5D51CCE427800F9A993 /* Release */,
			);
			defaultConfigurationIsVisible = 0;
			defaultConfigurationName = Release;
		};
		1882C5D61CCE427800F9A993 /* Build configuration list for PBXNativeTarget "sql" */ = {
			isa = XCConfigurationList;
			buildConfigurations = (
				1882C5D71CCE427800F9A993 /* Debug */,
				1882C5D81CCE427800F9A993 /* Release */,
			);
			defaultConfigurationIsVisible = 0;
			defaultConfigurationName = Release;
		};
		1882C5D91CCE427800F9A993 /* Build configuration list for PBXNativeTarget "sqlTests" */ = {
			isa = XCConfigurationList;
			buildConfigurations = (
				1882C5DA1CCE427800F9A993 /* Debug */,
				1882C5DB1CCE427800F9A993 /* Release */,
			);
			defaultConfigurationIsVisible = 0;
			defaultConfigurationName = Release;
		};
		1882C5DC1CCE427800F9A993 /* Build configuration list for PBXNativeTarget "sqlUITests" */ = {
			isa = XCConfigurationList;
			buildConfigurations = (
				1882C5DD1CCE427800F9A993 /* Debug */,
				1882C5DE1CCE427800F9A993 /* Release */,
			);
			defaultConfigurationIsVisible = 0;
			defaultConfigurationName = Release;
		};
/* End XCConfigurationList section */
	};
	rootObject = 1882C5A61CCE427800F9A993 /* Project object */;
}
